
Microsoft Visual Studio Solution File, Format Version 12.00
# Visual Studio 15
VisualStudioVersion = 15.0.26730.16
MinimumVisualStudioVersion = 10.0.40219.1
Project("{2150E333-8FDC-42A3-9474-1A3956D46DE8}") = "Solution Items", "Solution Items", "{DCC72856-07D1-4E2D-9FCD-EE74E7138A24}"
	ProjectSection(SolutionItems) = preProject
		CommandLine.dll = CommandLine.dll
		Contest.vsmdi = Contest.vsmdi
		Local.testsettings = Local.testsettings
		log4net.dll = log4net.dll
		TraceAndTestImpact.testsettings = TraceAndTestImpact.testsettings
	EndProjectSection
EndProject
Project("{2150E333-8FDC-42A3-9474-1A3956D46DE8}") = ".nuget", ".nuget", "{DA2581A6-60AC-48DF-97F4-AA1F343952E8}"
	ProjectSection(SolutionItems) = preProject
		.nuget\NuGet.Config = .nuget\NuGet.Config
		.nuget\NuGet.exe = .nuget\NuGet.exe
		.nuget\NuGet.targets = .nuget\NuGet.targets
	EndProjectSection
EndProject
Project("{FAE04EC0-301F-11D3-BF4B-00C04F79EFBC}") = "Test", "Test\Test.csproj", "{395AF1EC-B7AC-4A3F-9B8E-3114AD0FC0E7}"
EndProject
Project("{FAE04EC0-301F-11D3-BF4B-00C04F79EFBC}") = "Contest", "Contest\Contest.csproj", "{27840401-9A7F-4318-9980-9E5131017D1C}"
EndProject
Project("{FAE04EC0-301F-11D3-BF4B-00C04F79EFBC}") = "LogSubmit", "LogSubmit\LogSubmit.csproj", "{EDE7A6F2-FFAC-4863-AB45-E272E825CD9A}"
EndProject
Global
	GlobalSection(SolutionConfigurationPlatforms) = preSolution
		Debug|Any CPU = Debug|Any CPU
		Debug|Mixed Platforms = Debug|Mixed Platforms
		Debug|x86 = Debug|x86
		Release|Any CPU = Release|Any CPU
		Release|Mixed Platforms = Release|Mixed Platforms
		Release|x86 = Release|x86
	EndGlobalSection
	GlobalSection(ProjectConfigurationPlatforms) = postSolution
		{395AF1EC-B7AC-4A3F-9B8E-3114AD0FC0E7}.Debug|Any CPU.ActiveCfg = Debug|Any CPU
		{395AF1EC-B7AC-4A3F-9B8E-3114AD0FC0E7}.Debug|Any CPU.Build.0 = Debug|Any CPU
		{395AF1EC-B7AC-4A3F-9B8E-3114AD0FC0E7}.Debug|Mixed Platforms.ActiveCfg = Debug|Any CPU
		{395AF1EC-B7AC-4A3F-9B8E-3114AD0FC0E7}.Debug|Mixed Platforms.Build.0 = Debug|Any CPU
		{395AF1EC-B7AC-4A3F-9B8E-3114AD0FC0E7}.Debug|x86.ActiveCfg = Debug|Any CPU
		{395AF1EC-B7AC-4A3F-9B8E-3114AD0FC0E7}.Release|Any CPU.ActiveCfg = Release|Any CPU
		{395AF1EC-B7AC-4A3F-9B8E-3114AD0FC0E7}.Release|Any CPU.Build.0 = Release|Any CPU
		{395AF1EC-B7AC-4A3F-9B8E-3114AD0FC0E7}.Release|Mixed Platforms.ActiveCfg = Release|Any CPU
		{395AF1EC-B7AC-4A3F-9B8E-3114AD0FC0E7}.Release|Mixed Platforms.Build.0 = Release|Any CPU
		{395AF1EC-B7AC-4A3F-9B8E-3114AD0FC0E7}.Release|x86.ActiveCfg = Release|Any CPU
		{27840401-9A7F-4318-9980-9E5131017D1C}.Debug|Any CPU.ActiveCfg = Debug|x86
		{27840401-9A7F-4318-9980-9E5131017D1C}.Debug|Mixed Platforms.ActiveCfg = Debug|x86
		{27840401-9A7F-4318-9980-9E5131017D1C}.Debug|Mixed Platforms.Build.0 = Debug|x86
		{27840401-9A7F-4318-9980-9E5131017D1C}.Debug|x86.ActiveCfg = Debug|x86
		{27840401-9A7F-4318-9980-9E5131017D1C}.Debug|x86.Build.0 = Debug|x86
		{27840401-9A7F-4318-9980-9E5131017D1C}.Release|Any CPU.ActiveCfg = Release|x86
		{27840401-9A7F-4318-9980-9E5131017D1C}.Release|Mixed Platforms.ActiveCfg = Release|x86
		{27840401-9A7F-4318-9980-9E5131017D1C}.Release|Mixed Platforms.Build.0 = Release|x86
		{27840401-9A7F-4318-9980-9E5131017D1C}.Release|x86.ActiveCfg = Release|x86
		{27840401-9A7F-4318-9980-9E5131017D1C}.Release|x86.Build.0 = Release|x86
		{EDE7A6F2-FFAC-4863-AB45-E272E825CD9A}.Debug|Any CPU.ActiveCfg = Debug|Any CPU
		{EDE7A6F2-FFAC-4863-AB45-E272E825CD9A}.Debug|Any CPU.Build.0 = Debug|Any CPU
		{EDE7A6F2-FFAC-4863-AB45-E272E825CD9A}.Debug|Mixed Platforms.ActiveCfg = Debug|Any CPU
		{EDE7A6F2-FFAC-4863-AB45-E272E825CD9A}.Debug|Mixed Platforms.Build.0 = Debug|Any CPU
		{EDE7A6F2-FFAC-4863-AB45-E272E825CD9A}.Debug|x86.ActiveCfg = Debug|Any CPU
		{EDE7A6F2-FFAC-4863-AB45-E272E825CD9A}.Release|Any CPU.ActiveCfg = Release|Any CPU
		{EDE7A6F2-FFAC-4863-AB45-E272E825CD9A}.Release|Any CPU.Build.0 = Release|Any CPU
		{EDE7A6F2-FFAC-4863-AB45-E272E825CD9A}.Release|Mixed Platforms.ActiveCfg = Release|Any CPU
		{EDE7A6F2-FFAC-4863-AB45-E272E825CD9A}.Release|Mixed Platforms.Build.0 = Release|Any CPU
		{EDE7A6F2-FFAC-4863-AB45-E272E825CD9A}.Release|x86.ActiveCfg = Release|Any CPU
	EndGlobalSection
	GlobalSection(SolutionProperties) = preSolution
		HideSolutionNode = FALSE
	EndGlobalSection
	GlobalSection(ExtensibilityGlobals) = postSolution
		SolutionGuid = {07233BF8-6B53-47B6-837E-33A825267DFD}
	EndGlobalSection
	GlobalSection(TestCaseManagementSettings) = postSolution
		CategoryFile = Contest.vsmdi
	EndGlobalSection
EndGlobal
